// !$*UTF8*$!
{
	archiveVersion = 1;
	classes = {
	};
	objectVersion = 46;
	objects = {

/* Begin PBXBuildFile section */
		C50E4C5A18D6C23E008EA971 /* GBWebViewController.m in Sources */ = {isa = PBXBuildFile; fileRef = C50E4C5818D6C23E008EA971 /* GBWebViewController.m */; };
		C5118A0C18E092CE00A38D35 /* GBInfoDetailView.m in Sources */ = {isa = PBXBuildFile; fileRef = C5118A0B18E092CE00A38D35 /* GBInfoDetailView.m */; };
		C531F8B418D54E580043D0D5 /* GBGetSeriesListRequest.m in Sources */ = {isa = PBXBuildFile; fileRef = C531F8B318D54E580043D0D5 /* GBGetSeriesListRequest.m */; };
		C531F8CB18D568800043D0D5 /* DDMenuController.m in Sources */ = {isa = PBXBuildFile; fileRef = C531F8C618D568800043D0D5 /* DDMenuController.m */; };
		C531F8DD18D56A290043D0D5 /* EGOCache.m in Sources */ = {isa = PBXBuildFile; fileRef = C531F8D118D56A290043D0D5 /* EGOCache.m */; };
		C531F8DE18D56A290043D0D5 /* EGOImageButton.m in Sources */ = {isa = PBXBuildFile; fileRef = C531F8D418D56A290043D0D5 /* EGOImageButton.m */; settings = {COMPILER_FLAGS = "-fno-objc-arc"; }; };
		C531F8DF18D56A290043D0D5 /* EGOImageLoadConnection.m in Sources */ = {isa = PBXBuildFile; fileRef = C531F8D718D56A290043D0D5 /* EGOImageLoadConnection.m */; settings = {COMPILER_FLAGS = "-fno-objc-arc"; }; };
		C531F8E018D56A290043D0D5 /* EGOImageLoader.m in Sources */ = {isa = PBXBuildFile; fileRef = C531F8D918D56A290043D0D5 /* EGOImageLoader.m */; settings = {COMPILER_FLAGS = "-fno-objc-arc"; }; };
		C531F8E118D56A290043D0D5 /* EGOImageView.m in Sources */ = {isa = PBXBuildFile; fileRef = C531F8DC18D56A290043D0D5 /* EGOImageView.m */; settings = {COMPILER_FLAGS = "-fno-objc-arc"; }; };
		C531F8E418D580CF0043D0D5 /* GBInfoTableViewCell.m in Sources */ = {isa = PBXBuildFile; fileRef = C531F8E318D580CF0043D0D5 /* GBInfoTableViewCell.m */; };
		C531F8EB18D5AA4D0043D0D5 /* AMScrollingNavbarViewController.m in Sources */ = {isa = PBXBuildFile; fileRef = C531F8EA18D5AA4D0043D0D5 /* AMScrollingNavbarViewController.m */; };
		C53AB27318D14BA000BA90E7 /* Foundation.framework in Frameworks */ = {isa = PBXBuildFile; fileRef = C53AB27218D14BA000BA90E7 /* Foundation.framework */; };
		C53AB27518D14BA000BA90E7 /* CoreGraphics.framework in Frameworks */ = {isa = PBXBuildFile; fileRef = C53AB27418D14BA000BA90E7 /* CoreGraphics.framework */; };
		C53AB27718D14BA000BA90E7 /* UIKit.framework in Frameworks */ = {isa = PBXBuildFile; fileRef = C53AB27618D14BA000BA90E7 /* UIKit.framework */; };
		C53AB27F18D14BA000BA90E7 /* main.m in Sources */ = {isa = PBXBuildFile; fileRef = C53AB27E18D14BA000BA90E7 /* main.m */; };
		C53AB28318D14BA000BA90E7 /* GBAppDelegate.m in Sources */ = {isa = PBXBuildFile; fileRef = C53AB28218D14BA000BA90E7 /* GBAppDelegate.m */; };
		C53AB28518D14BA000BA90E7 /* Images.xcassets in Resources */ = {isa = PBXBuildFile; fileRef = C53AB28418D14BA000BA90E7 /* Images.xcassets */; };
		C53AB2A818D158F000BA90E7 /* GBInfoTableViewController.m in Sources */ = {isa = PBXBuildFile; fileRef = C53AB2A718D158F000BA90E7 /* GBInfoTableViewController.m */; };
		C53AB2AB18D159B400BA90E7 /* GBSeriesTableViewController.m in Sources */ = {isa = PBXBuildFile; fileRef = C53AB2AA18D159B400BA90E7 /* GBSeriesTableViewController.m */; };
		C53AB2AE18D15C8400BA90E7 /* nav_menu_icon@2x.png in Resources */ = {isa = PBXBuildFile; fileRef = C53AB2AD18D15C8400BA90E7 /* nav_menu_icon@2x.png */; };
		C53AB2B418D189F800BA90E7 /* GBSeriesModel.m in Sources */ = {isa = PBXBuildFile; fileRef = C53AB2B318D189F800BA90E7 /* GBSeriesModel.m */; };
		C53AB2B718D18A3200BA90E7 /* GBInfoModel.m in Sources */ = {isa = PBXBuildFile; fileRef = C53AB2B618D18A3200BA90E7 /* GBInfoModel.m */; };
		C5977D3018DD8B6800B36B97 /* libxml2.dylib in Frameworks */ = {isa = PBXBuildFile; fileRef = C5977D2F18DD8B6800B36B97 /* libxml2.dylib */; };
		C5977D3218DD8B7100B36B97 /* libz.dylib in Frameworks */ = {isa = PBXBuildFile; fileRef = C5977D3118DD8B7100B36B97 /* libz.dylib */; };
		C5977D3418DD8B7800B36B97 /* CFNetwork.framework in Frameworks */ = {isa = PBXBuildFile; fileRef = C5977D3318DD8B7800B36B97 /* CFNetwork.framework */; };
		C5977D3618DD8B8100B36B97 /* MobileCoreServices.framework in Frameworks */ = {isa = PBXBuildFile; fileRef = C5977D3518DD8B8100B36B97 /* MobileCoreServices.framework */; };
		C5977D3818DD8B8B00B36B97 /* SystemConfiguration.framework in Frameworks */ = {isa = PBXBuildFile; fileRef = C5977D3718DD8B8B00B36B97 /* SystemConfiguration.framework */; };
		C5977D6E18DD967100B36B97 /* ASIAuthenticationDialog.m in Sources */ = {isa = PBXBuildFile; fileRef = C5977D3B18DD967100B36B97 /* ASIAuthenticationDialog.m */; settings = {COMPILER_FLAGS = "-fno-objc-arc"; }; };
		C5977D6F18DD967100B36B97 /* ASIDataCompressor.m in Sources */ = {isa = PBXBuildFile; fileRef = C5977D3E18DD967100B36B97 /* ASIDataCompressor.m */; settings = {COMPILER_FLAGS = "-fno-objc-arc"; }; };
		C5977D7018DD967100B36B97 /* ASIDataDecompressor.m in Sources */ = {isa = PBXBuildFile; fileRef = C5977D4018DD967100B36B97 /* ASIDataDecompressor.m */; settings = {COMPILER_FLAGS = "-fno-objc-arc"; }; };
		C5977D7118DD967100B36B97 /* ASIDownloadCache.m in Sources */ = {isa = PBXBuildFile; fileRef = C5977D4218DD967100B36B97 /* ASIDownloadCache.m */; settings = {COMPILER_FLAGS = "-fno-objc-arc"; }; };
		C5977D7218DD967100B36B97 /* ASIFormDataRequest.m in Sources */ = {isa = PBXBuildFile; fileRef = C5977D4418DD967100B36B97 /* ASIFormDataRequest.m */; settings = {COMPILER_FLAGS = "-fno-objc-arc"; }; };
		C5977D7318DD967100B36B97 /* ASIHTTPRequest.m in Sources */ = {isa = PBXBuildFile; fileRef = C5977D4618DD967100B36B97 /* ASIHTTPRequest.m */; settings = {COMPILER_FLAGS = "-fno-objc-arc"; }; };
		C5977D7418DD967100B36B97 /* ASIInputStream.m in Sources */ = {isa = PBXBuildFile; fileRef = C5977D4A18DD967100B36B97 /* ASIInputStream.m */; settings = {COMPILER_FLAGS = "-fno-objc-arc"; }; };
		C5977D7518DD967100B36B97 /* ASINetworkQueue.m in Sources */ = {isa = PBXBuildFile; fileRef = C5977D4C18DD967100B36B97 /* ASINetworkQueue.m */; settings = {COMPILER_FLAGS = "-fno-objc-arc"; }; };
		C5977D7618DD967100B36B97 /* ASIWebPageRequest.m in Sources */ = {isa = PBXBuildFile; fileRef = C5977D5018DD967100B36B97 /* ASIWebPageRequest.m */; settings = {COMPILER_FLAGS = "-fno-objc-arc"; }; };
		C5977D8718DD971D00B36B97 /* Reachability.m in Sources */ = {isa = PBXBuildFile; fileRef = C5977D8618DD971D00B36B97 /* Reachability.m */; settings = {COMPILER_FLAGS = "-fno-objc-arc"; }; };
		C5A7725018DEC872005D507D /* GBCacheManager.m in Sources */ = {isa = PBXBuildFile; fileRef = C5A7724F18DEC872005D507D /* GBCacheManager.m */; };
		C5AA214518D2A0E0004F5AA4 /* GBSeriesList.m in Sources */ = {isa = PBXBuildFile; fileRef = C5AA214418D2A0E0004F5AA4 /* GBSeriesList.m */; };
		C5AA214818D2A0F5004F5AA4 /* GBInfoList.m in Sources */ = {isa = PBXBuildFile; fileRef = C5AA214718D2A0F5004F5AA4 /* GBInfoList.m */; };
		C5D9BD0618E7C462000FE941 /* GBInfoContentViewController.m in Sources */ = {isa = PBXBuildFile; fileRef = C5D9BD0518E7C462000FE941 /* GBInfoContentViewController.m */; };
		C5EB942518E6BC540091E90C /* GBGetInfoListRequest.m in Sources */ = {isa = PBXBuildFile; fileRef = C5EB942418E6BC540091E90C /* GBGetInfoListRequest.m */; };
		C5EB942818E6C3550091E90C /* GBRequest.m in Sources */ = {isa = PBXBuildFile; fileRef = C5EB942718E6C3550091E90C /* GBRequest.m */; };
		C5EB942F18E722AF0091E90C /* GDataXMLNode.m in Sources */ = {isa = PBXBuildFile; fileRef = C5EB942E18E722AF0091E90C /* GDataXMLNode.m */; settings = {COMPILER_FLAGS = "-fno-objc-arc"; }; };
/* End PBXBuildFile section */

/* Begin PBXFileReference section */
		C50E4C5718D6C23E008EA971 /* GBWebViewController.h */ = {isa = PBXFileReference; fileEncoding = 4; lastKnownFileType = sourcecode.c.h; path = GBWebViewController.h; sourceTree = "<group>"; };
		C50E4C5818D6C23E008EA971 /* GBWebViewController.m */ = {isa = PBXFileReference; fileEncoding = 4; lastKnownFileType = sourcecode.c.objc; path = GBWebViewController.m; sourceTree = "<group>"; };
		C5118A0A18E092CE00A38D35 /* GBInfoDetailView.h */ = {isa = PBXFileReference; fileEncoding = 4; lastKnownFileType = sourcecode.c.h; path = GBInfoDetailView.h; sourceTree = "<group>"; };
		C5118A0B18E092CE00A38D35 /* GBInfoDetailView.m */ = {isa = PBXFileReference; fileEncoding = 4; lastKnownFileType = sourcecode.c.objc; path = GBInfoDetailView.m; sourceTree = "<group>"; };
		C531F8B018D549AC0043D0D5 /* GBSeriesListRequestDelegate.h */ = {isa = PBXFileReference; lastKnownFileType = sourcecode.c.h; path = GBSeriesListRequestDelegate.h; sourceTree = "<group>"; };
		C531F8B218D54E580043D0D5 /* GBGetSeriesListRequest.h */ = {isa = PBXFileReference; fileEncoding = 4; lastKnownFileType = sourcecode.c.h; path = GBGetSeriesListRequest.h; sourceTree = "<group>"; };
		C531F8B318D54E580043D0D5 /* GBGetSeriesListRequest.m */ = {isa = PBXFileReference; fileEncoding = 4; lastKnownFileType = sourcecode.c.objc; path = GBGetSeriesListRequest.m; sourceTree = "<group>"; };
		C531F8B618D552CD0043D0D5 /* GBInfoListRequestDelegate.h */ = {isa = PBXFileReference; lastKnownFileType = sourcecode.c.h; path = GBInfoListRequestDelegate.h; sourceTree = "<group>"; };
		C531F8C518D568800043D0D5 /* DDMenuController.h */ = {isa = PBXFileReference; fileEncoding = 4; lastKnownFileType = sourcecode.c.h; path = DDMenuController.h; sourceTree = "<group>"; };
		C531F8C618D568800043D0D5 /* DDMenuController.m */ = {isa = PBXFileReference; fileEncoding = 4; lastKnownFileType = sourcecode.c.objc; path = DDMenuController.m; sourceTree = "<group>"; };
		C531F8D018D56A290043D0D5 /* EGOCache.h */ = {isa = PBXFileReference; fileEncoding = 4; lastKnownFileType = sourcecode.c.h; path = EGOCache.h; sourceTree = "<group>"; };
		C531F8D118D56A290043D0D5 /* EGOCache.m */ = {isa = PBXFileReference; fileEncoding = 4; lastKnownFileType = sourcecode.c.objc; path = EGOCache.m; sourceTree = "<group>"; };
		C531F8D318D56A290043D0D5 /* EGOImageButton.h */ = {isa = PBXFileReference; fileEncoding = 4; lastKnownFileType = sourcecode.c.h; path = EGOImageButton.h; sourceTree = "<group>"; };
		C531F8D418D56A290043D0D5 /* EGOImageButton.m */ = {isa = PBXFileReference; fileEncoding = 4; lastKnownFileType = sourcecode.c.objc; path = EGOImageButton.m; sourceTree = "<group>"; };
		C531F8D618D56A290043D0D5 /* EGOImageLoadConnection.h */ = {isa = PBXFileReference; fileEncoding = 4; lastKnownFileType = sourcecode.c.h; path = EGOImageLoadConnection.h; sourceTree = "<group>"; };
		C531F8D718D56A290043D0D5 /* EGOImageLoadConnection.m */ = {isa = PBXFileReference; fileEncoding = 4; lastKnownFileType = sourcecode.c.objc; path = EGOImageLoadConnection.m; sourceTree = "<group>"; };
		C531F8D818D56A290043D0D5 /* EGOImageLoader.h */ = {isa = PBXFileReference; fileEncoding = 4; lastKnownFileType = sourcecode.c.h; path = EGOImageLoader.h; sourceTree = "<group>"; };
		C531F8D918D56A290043D0D5 /* EGOImageLoader.m */ = {isa = PBXFileReference; fileEncoding = 4; lastKnownFileType = sourcecode.c.objc; path = EGOImageLoader.m; sourceTree = "<group>"; };
		C531F8DB18D56A290043D0D5 /* EGOImageView.h */ = {isa = PBXFileReference; fileEncoding = 4; lastKnownFileType = sourcecode.c.h; path = EGOImageView.h; sourceTree = "<group>"; };
		C531F8DC18D56A290043D0D5 /* EGOImageView.m */ = {isa = PBXFileReference; fileEncoding = 4; lastKnownFileType = sourcecode.c.objc; path = EGOImageView.m; sourceTree = "<group>"; };
		C531F8E218D580CF0043D0D5 /* GBInfoTableViewCell.h */ = {isa = PBXFileReference; fileEncoding = 4; lastKnownFileType = sourcecode.c.h; path = GBInfoTableViewCell.h; sourceTree = "<group>"; };
		C531F8E318D580CF0043D0D5 /* GBInfoTableViewCell.m */ = {isa = PBXFileReference; fileEncoding = 4; lastKnownFileType = sourcecode.c.objc; path = GBInfoTableViewCell.m; sourceTree = "<group>"; };
		C531F8E918D5AA4D0043D0D5 /* AMScrollingNavbarViewController.h */ = {isa = PBXFileReference; fileEncoding = 4; lastKnownFileType = sourcecode.c.h; path = AMScrollingNavbarViewController.h; sourceTree = "<group>"; };
		C531F8EA18D5AA4D0043D0D5 /* AMScrollingNavbarViewController.m */ = {isa = PBXFileReference; fileEncoding = 4; lastKnownFileType = sourcecode.c.objc; path = AMScrollingNavbarViewController.m; sourceTree = "<group>"; };
		C53AB26F18D14BA000BA90E7 /* GuitarBass.app */ = {isa = PBXFileReference; explicitFileType = wrapper.application; includeInIndex = 0; path = GuitarBass.app; sourceTree = BUILT_PRODUCTS_DIR; };
		C53AB27218D14BA000BA90E7 /* Foundation.framework */ = {isa = PBXFileReference; lastKnownFileType = wrapper.framework; name = Foundation.framework; path = System/Library/Frameworks/Foundation.framework; sourceTree = SDKROOT; };
		C53AB27418D14BA000BA90E7 /* CoreGraphics.framework */ = {isa = PBXFileReference; lastKnownFileType = wrapper.framework; name = CoreGraphics.framework; path = System/Library/Frameworks/CoreGraphics.framework; sourceTree = SDKROOT; };
		C53AB27618D14BA000BA90E7 /* UIKit.framework */ = {isa = PBXFileReference; lastKnownFileType = wrapper.framework; name = UIKit.framework; path = System/Library/Frameworks/UIKit.framework; sourceTree = SDKROOT; };
		C53AB27A18D14BA000BA90E7 /* GuitarBass-Info.plist */ = {isa = PBXFileReference; lastKnownFileType = text.plist.xml; path = "GuitarBass-Info.plist"; sourceTree = "<group>"; };
		C53AB27E18D14BA000BA90E7 /* main.m */ = {isa = PBXFileReference; lastKnownFileType = sourcecode.c.objc; path = main.m; sourceTree = "<group>"; };
		C53AB28018D14BA000BA90E7 /* GuitarBass-Prefix.pch */ = {isa = PBXFileReference; lastKnownFileType = sourcecode.c.h; path = "GuitarBass-Prefix.pch"; sourceTree = "<group>"; };
		C53AB28118D14BA000BA90E7 /* GBAppDelegate.h */ = {isa = PBXFileReference; lastKnownFileType = sourcecode.c.h; path = GBAppDelegate.h; sourceTree = "<group>"; };
		C53AB28218D14BA000BA90E7 /* GBAppDelegate.m */ = {isa = PBXFileReference; lastKnownFileType = sourcecode.c.objc; path = GBAppDelegate.m; sourceTree = "<group>"; };
		C53AB28418D14BA000BA90E7 /* Images.xcassets */ = {isa = PBXFileReference; lastKnownFileType = folder.assetcatalog; path = Images.xcassets; sourceTree = "<group>"; };
		C53AB28B18D14BA200BA90E7 /* XCTest.framework */ = {isa = PBXFileReference; lastKnownFileType = wrapper.framework; name = XCTest.framework; path = Library/Frameworks/XCTest.framework; sourceTree = DEVELOPER_DIR; };
		C53AB2A618D158F000BA90E7 /* GBInfoTableViewController.h */ = {isa = PBXFileReference; fileEncoding = 4; lastKnownFileType = sourcecode.c.h; path = GBInfoTableViewController.h; sourceTree = "<group>"; };
		C53AB2A718D158F000BA90E7 /* GBInfoTableViewController.m */ = {isa = PBXFileReference; fileEncoding = 4; lastKnownFileType = sourcecode.c.objc; path = GBInfoTableViewController.m; sourceTree = "<group>"; };
		C53AB2A918D159B400BA90E7 /* GBSeriesTableViewController.h */ = {isa = PBXFileReference; fileEncoding = 4; lastKnownFileType = sourcecode.c.h; path = GBSeriesTableViewController.h; sourceTree = "<group>"; };
		C53AB2AA18D159B400BA90E7 /* GBSeriesTableViewController.m */ = {isa = PBXFileReference; fileEncoding = 4; lastKnownFileType = sourcecode.c.objc; path = GBSeriesTableViewController.m; sourceTree = "<group>"; };
		C53AB2AD18D15C8400BA90E7 /* nav_menu_icon@2x.png */ = {isa = PBXFileReference; lastKnownFileType = image.png; path = "nav_menu_icon@2x.png"; sourceTree = "<group>"; };
		C53AB2B218D189F800BA90E7 /* GBSeriesModel.h */ = {isa = PBXFileReference; fileEncoding = 4; lastKnownFileType = sourcecode.c.h; path = GBSeriesModel.h; sourceTree = "<group>"; };
		C53AB2B318D189F800BA90E7 /* GBSeriesModel.m */ = {isa = PBXFileReference; fileEncoding = 4; lastKnownFileType = sourcecode.c.objc; path = GBSeriesModel.m; sourceTree = "<group>"; };
		C53AB2B518D18A3200BA90E7 /* GBInfoModel.h */ = {isa = PBXFileReference; fileEncoding = 4; lastKnownFileType = sourcecode.c.h; path = GBInfoModel.h; sourceTree = "<group>"; };
		C53AB2B618D18A3200BA90E7 /* GBInfoModel.m */ = {isa = PBXFileReference; fileEncoding = 4; lastKnownFileType = sourcecode.c.objc; path = GBInfoModel.m; sourceTree = "<group>"; };
		C56FF8E818D45F5E005F8DB1 /* GBSeriesTableViewControllerDelegate.h */ = {isa = PBXFileReference; fileEncoding = 4; lastKnownFileType = sourcecode.c.h; path = GBSeriesTableViewControllerDelegate.h; sourceTree = "<group>"; };
		C5977D2F18DD8B6800B36B97 /* libxml2.dylib */ = {isa = PBXFileReference; lastKnownFileType = "compiled.mach-o.dylib"; name = libxml2.dylib; path = usr/lib/libxml2.dylib; sourceTree = SDKROOT; };
		C5977D3118DD8B7100B36B97 /* libz.dylib */ = {isa = PBXFileReference; lastKnownFileType = "compiled.mach-o.dylib"; name = libz.dylib; path = usr/lib/libz.dylib; sourceTree = SDKROOT; };
		C5977D3318DD8B7800B36B97 /* CFNetwork.framework */ = {isa = PBXFileReference; lastKnownFileType = wrapper.framework; name = CFNetwork.framework; path = System/Library/Frameworks/CFNetwork.framework; sourceTree = SDKROOT; };
		C5977D3518DD8B8100B36B97 /* MobileCoreServices.framework */ = {isa = PBXFileReference; lastKnownFileType = wrapper.framework; name = MobileCoreServices.framework; path = System/Library/Frameworks/MobileCoreServices.framework; sourceTree = SDKROOT; };
		C5977D3718DD8B8B00B36B97 /* SystemConfiguration.framework */ = {isa = PBXFileReference; lastKnownFileType = wrapper.framework; name = SystemConfiguration.framework; path = System/Library/Frameworks/SystemConfiguration.framework; sourceTree = SDKROOT; };
		C5977D3A18DD967100B36B97 /* ASIAuthenticationDialog.h */ = {isa = PBXFileReference; fileEncoding = 4; lastKnownFileType = sourcecode.c.h; path = ASIAuthenticationDialog.h; sourceTree = "<group>"; };
		C5977D3B18DD967100B36B97 /* ASIAuthenticationDialog.m */ = {isa = PBXFileReference; fileEncoding = 4; lastKnownFileType = sourcecode.c.objc; path = ASIAuthenticationDialog.m; sourceTree = "<group>"; };
		C5977D3C18DD967100B36B97 /* ASICacheDelegate.h */ = {isa = PBXFileReference; fileEncoding = 4; lastKnownFileType = sourcecode.c.h; path = ASICacheDelegate.h; sourceTree = "<group>"; };
		C5977D3D18DD967100B36B97 /* ASIDataCompressor.h */ = {isa = PBXFileReference; fileEncoding = 4; lastKnownFileType = sourcecode.c.h; path = ASIDataCompressor.h; sourceTree = "<group>"; };
		C5977D3E18DD967100B36B97 /* ASIDataCompressor.m */ = {isa = PBXFileReference; fileEncoding = 4; lastKnownFileType = sourcecode.c.objc; path = ASIDataCompressor.m; sourceTree = "<group>"; };
		C5977D3F18DD967100B36B97 /* ASIDataDecompressor.h */ = {isa = PBXFileReference; fileEncoding = 4; lastKnownFileType = sourcecode.c.h; path = ASIDataDecompressor.h; sourceTree = "<group>"; };
		C5977D4018DD967100B36B97 /* ASIDataDecompressor.m */ = {isa = PBXFileReference; fileEncoding = 4; lastKnownFileType = sourcecode.c.objc; path = ASIDataDecompressor.m; sourceTree = "<group>"; };
		C5977D4118DD967100B36B97 /* ASIDownloadCache.h */ = {isa = PBXFileReference; fileEncoding = 4; lastKnownFileType = sourcecode.c.h; path = ASIDownloadCache.h; sourceTree = "<group>"; };
		C5977D4218DD967100B36B97 /* ASIDownloadCache.m */ = {isa = PBXFileReference; fileEncoding = 4; lastKnownFileType = sourcecode.c.objc; path = ASIDownloadCache.m; sourceTree = "<group>"; };
		C5977D4318DD967100B36B97 /* ASIFormDataRequest.h */ = {isa = PBXFileReference; fileEncoding = 4; lastKnownFileType = sourcecode.c.h; path = ASIFormDataRequest.h; sourceTree = "<group>"; };
		C5977D4418DD967100B36B97 /* ASIFormDataRequest.m */ = {isa = PBXFileReference; fileEncoding = 4; lastKnownFileType = sourcecode.c.objc; path = ASIFormDataRequest.m; sourceTree = "<group>"; };
		C5977D4518DD967100B36B97 /* ASIHTTPRequest.h */ = {isa = PBXFileReference; fileEncoding = 4; lastKnownFileType = sourcecode.c.h; path = ASIHTTPRequest.h; sourceTree = "<group>"; };
		C5977D4618DD967100B36B97 /* ASIHTTPRequest.m */ = {isa = PBXFileReference; fileEncoding = 4; lastKnownFileType = sourcecode.c.objc; path = ASIHTTPRequest.m; sourceTree = "<group>"; };
		C5977D4718DD967100B36B97 /* ASIHTTPRequestConfig.h */ = {isa = PBXFileReference; fileEncoding = 4; lastKnownFileType = sourcecode.c.h; path = ASIHTTPRequestConfig.h; sourceTree = "<group>"; };
		C5977D4818DD967100B36B97 /* ASIHTTPRequestDelegate.h */ = {isa = PBXFileReference; fileEncoding = 4; lastKnownFileType = sourcecode.c.h; path = ASIHTTPRequestDelegate.h; sourceTree = "<group>"; };
		C5977D4918DD967100B36B97 /* ASIInputStream.h */ = {isa = PBXFileReference; fileEncoding = 4; lastKnownFileType = sourcecode.c.h; path = ASIInputStream.h; sourceTree = "<group>"; };
		C5977D4A18DD967100B36B97 /* ASIInputStream.m */ = {isa = PBXFileReference; fileEncoding = 4; lastKnownFileType = sourcecode.c.objc; path = ASIInputStream.m; sourceTree = "<group>"; };
		C5977D4B18DD967100B36B97 /* ASINetworkQueue.h */ = {isa = PBXFileReference; fileEncoding = 4; lastKnownFileType = sourcecode.c.h; path = ASINetworkQueue.h; sourceTree = "<group>"; };
		C5977D4C18DD967100B36B97 /* ASINetworkQueue.m */ = {isa = PBXFileReference; fileEncoding = 4; lastKnownFileType = sourcecode.c.objc; path = ASINetworkQueue.m; sourceTree = "<group>"; };
		C5977D4D18DD967100B36B97 /* ASIProgressDelegate.h */ = {isa = PBXFileReference; fileEncoding = 4; lastKnownFileType = sourcecode.c.h; path = ASIProgressDelegate.h; sourceTree = "<group>"; };
		C5977D4F18DD967100B36B97 /* ASIWebPageRequest.h */ = {isa = PBXFileReference; fileEncoding = 4; lastKnownFileType = sourcecode.c.h; path = ASIWebPageRequest.h; sourceTree = "<group>"; };
		C5977D5018DD967100B36B97 /* ASIWebPageRequest.m */ = {isa = PBXFileReference; fileEncoding = 4; lastKnownFileType = sourcecode.c.objc; path = ASIWebPageRequest.m; sourceTree = "<group>"; };
		C5977D8518DD971D00B36B97 /* Reachability.h */ = {isa = PBXFileReference; fileEncoding = 4; lastKnownFileType = sourcecode.c.h; path = Reachability.h; sourceTree = "<group>"; };
		C5977D8618DD971D00B36B97 /* Reachability.m */ = {isa = PBXFileReference; fileEncoding = 4; lastKnownFileType = sourcecode.c.objc; path = Reachability.m; sourceTree = "<group>"; };
		C5A7724E18DEC872005D507D /* GBCacheManager.h */ = {isa = PBXFileReference; fileEncoding = 4; lastKnownFileType = sourcecode.c.h; path = GBCacheManager.h; sourceTree = "<group>"; };
		C5A7724F18DEC872005D507D /* GBCacheManager.m */ = {isa = PBXFileReference; fileEncoding = 4; lastKnownFileType = sourcecode.c.objc; path = GBCacheManager.m; sourceTree = "<group>"; };
		C5AA214318D2A0E0004F5AA4 /* GBSeriesList.h */ = {isa = PBXFileReference; fileEncoding = 4; lastKnownFileType = sourcecode.c.h; path = GBSeriesList.h; sourceTree = "<group>"; };
		C5AA214418D2A0E0004F5AA4 /* GBSeriesList.m */ = {isa = PBXFileReference; fileEncoding = 4; lastKnownFileType = sourcecode.c.objc; path = GBSeriesList.m; sourceTree = "<group>"; };
		C5AA214618D2A0F5004F5AA4 /* GBInfoList.h */ = {isa = PBXFileReference; fileEncoding = 4; lastKnownFileType = sourcecode.c.h; path = GBInfoList.h; sourceTree = "<group>"; };
		C5AA214718D2A0F5004F5AA4 /* GBInfoList.m */ = {isa = PBXFileReference; fileEncoding = 4; lastKnownFileType = sourcecode.c.objc; path = GBInfoList.m; sourceTree = "<group>"; };
		C5D9BD0418E7C461000FE941 /* GBInfoContentViewController.h */ = {isa = PBXFileReference; fileEncoding = 4; lastKnownFileType = sourcecode.c.h; path = GBInfoContentViewController.h; sourceTree = "<group>"; };
		C5D9BD0518E7C462000FE941 /* GBInfoContentViewController.m */ = {isa = PBXFileReference; fileEncoding = 4; lastKnownFileType = sourcecode.c.objc; path = GBInfoContentViewController.m; sourceTree = "<group>"; };
		C5EB942318E6BC540091E90C /* GBGetInfoListRequest.h */ = {isa = PBXFileReference; fileEncoding = 4; lastKnownFileType = sourcecode.c.h; path = GBGetInfoListRequest.h; sourceTree = "<group>"; };
		C5EB942418E6BC540091E90C /* GBGetInfoListRequest.m */ = {isa = PBXFileReference; fileEncoding = 4; lastKnownFileType = sourcecode.c.objc; path = GBGetInfoListRequest.m; sourceTree = "<group>"; };
		C5EB942618E6C3550091E90C /* GBRequest.h */ = {isa = PBXFileReference; fileEncoding = 4; lastKnownFileType = sourcecode.c.h; path = GBRequest.h; sourceTree = "<group>"; };
		C5EB942718E6C3550091E90C /* GBRequest.m */ = {isa = PBXFileReference; fileEncoding = 4; lastKnownFileType = sourcecode.c.objc; path = GBRequest.m; sourceTree = "<group>"; };
		C5EB942D18E722AF0091E90C /* GDataXMLNode.h */ = {isa = PBXFileReference; fileEncoding = 4; lastKnownFileType = sourcecode.c.h; path = GDataXMLNode.h; sourceTree = "<group>"; };
		C5EB942E18E722AF0091E90C /* GDataXMLNode.m */ = {isa = PBXFileReference; fileEncoding = 4; lastKnownFileType = sourcecode.c.objc; path = GDataXMLNode.m; sourceTree = "<group>"; };
/* End PBXFileReference section */

/* Begin PBXFrameworksBuildPhase section */
		C53AB26C18D14BA000BA90E7 /* Frameworks */ = {
			isa = PBXFrameworksBuildPhase;
			buildActionMask = 2147483647;
			files = (
				C5977D3818DD8B8B00B36B97 /* SystemConfiguration.framework in Frameworks */,
				C5977D3618DD8B8100B36B97 /* MobileCoreServices.framework in Frameworks */,
				C5977D3418DD8B7800B36B97 /* CFNetwork.framework in Frameworks */,
				C5977D3218DD8B7100B36B97 /* libz.dylib in Frameworks */,
				C5977D3018DD8B6800B36B97 /* libxml2.dylib in Frameworks */,
				C53AB27518D14BA000BA90E7 /* CoreGraphics.framework in Frameworks */,
				C53AB27718D14BA000BA90E7 /* UIKit.framework in Frameworks */,
				C53AB27318D14BA000BA90E7 /* Foundation.framework in Frameworks */,
			);
			runOnlyForDeploymentPostprocessing = 0;
		};
/* End PBXFrameworksBuildPhase section */

/* Begin PBXGroup section */
		C531F8B118D54E1B0043D0D5 /* Request */ = {
			isa = PBXGroup;
			children = (
				C531F8B218D54E580043D0D5 /* GBGetSeriesListRequest.h */,
				C531F8B318D54E580043D0D5 /* GBGetSeriesListRequest.m */,
				C5EB942318E6BC540091E90C /* GBGetInfoListRequest.h */,
				C5EB942418E6BC540091E90C /* GBGetInfoListRequest.m */,
				C5EB942618E6C3550091E90C /* GBRequest.h */,
				C5EB942718E6C3550091E90C /* GBRequest.m */,
			);
			path = Request;
			sourceTree = "<group>";
		};
		C531F8B718D568800043D0D5 /* EGOImageLoading */ = {
			isa = PBXGroup;
			children = (
				C531F8CF18D56A290043D0D5 /* EGOCache */,
				C531F8D218D56A290043D0D5 /* EGOImageButton */,
				C531F8D518D56A290043D0D5 /* EGOImageLoader */,
				C531F8DA18D56A290043D0D5 /* EGOImageView */,
			);
			name = EGOImageLoading;
			path = "EGOImageLoading-master";
			sourceTree = "<group>";
		};
		C531F8C418D568800043D0D5 /* SlideMenu */ = {
			isa = PBXGroup;
			children = (
				C531F8C518D568800043D0D5 /* DDMenuController.h */,
				C531F8C618D568800043D0D5 /* DDMenuController.m */,
			);
			path = SlideMenu;
			sourceTree = "<group>";
		};
		C531F8CF18D56A290043D0D5 /* EGOCache */ = {
			isa = PBXGroup;
			children = (
				C531F8D018D56A290043D0D5 /* EGOCache.h */,
				C531F8D118D56A290043D0D5 /* EGOCache.m */,
			);
			name = EGOCache;
			path = GuitarBass/thirdParty/EGOImageLoading/EGOCache;
			sourceTree = SOURCE_ROOT;
		};
		C531F8D218D56A290043D0D5 /* EGOImageButton */ = {
			isa = PBXGroup;
			children = (
				C531F8D318D56A290043D0D5 /* EGOImageButton.h */,
				C531F8D418D56A290043D0D5 /* EGOImageButton.m */,
			);
			name = EGOImageButton;
			path = GuitarBass/thirdParty/EGOImageLoading/EGOImageButton;
			sourceTree = SOURCE_ROOT;
		};
		C531F8D518D56A290043D0D5 /* EGOImageLoader */ = {
			isa = PBXGroup;
			children = (
				C531F8D618D56A290043D0D5 /* EGOImageLoadConnection.h */,
				C531F8D718D56A290043D0D5 /* EGOImageLoadConnection.m */,
				C531F8D818D56A290043D0D5 /* EGOImageLoader.h */,
				C531F8D918D56A290043D0D5 /* EGOImageLoader.m */,
			);
			name = EGOImageLoader;
			path = GuitarBass/thirdParty/EGOImageLoading/EGOImageLoader;
			sourceTree = SOURCE_ROOT;
		};
		C531F8DA18D56A290043D0D5 /* EGOImageView */ = {
			isa = PBXGroup;
			children = (
				C531F8DB18D56A290043D0D5 /* EGOImageView.h */,
				C531F8DC18D56A290043D0D5 /* EGOImageView.m */,
			);
			name = EGOImageView;
			path = GuitarBass/thirdParty/EGOImageLoading/EGOImageView;
			sourceTree = SOURCE_ROOT;
		};
		C531F8E818D5AA4D0043D0D5 /* AMScrollingNavbar */ = {
			isa = PBXGroup;
			children = (
				C531F8E918D5AA4D0043D0D5 /* AMScrollingNavbarViewController.h */,
				C531F8EA18D5AA4D0043D0D5 /* AMScrollingNavbarViewController.m */,
			);
			path = AMScrollingNavbar;
			sourceTree = "<group>";
		};
		C53AB26618D14BA000BA90E7 = {
			isa = PBXGroup;
			children = (
				C53AB27818D14BA000BA90E7 /* GuitarBass */,
				C53AB27118D14BA000BA90E7 /* Frameworks */,
				C53AB27018D14BA000BA90E7 /* Products */,
			);
			sourceTree = "<group>";
		};
		C53AB27018D14BA000BA90E7 /* Products */ = {
			isa = PBXGroup;
			children = (
				C53AB26F18D14BA000BA90E7 /* GuitarBass.app */,
			);
			name = Products;
			sourceTree = "<group>";
		};
		C53AB27118D14BA000BA90E7 /* Frameworks */ = {
			isa = PBXGroup;
			children = (
				C5977D3718DD8B8B00B36B97 /* SystemConfiguration.framework */,
				C5977D3518DD8B8100B36B97 /* MobileCoreServices.framework */,
				C5977D3318DD8B7800B36B97 /* CFNetwork.framework */,
				C5977D3118DD8B7100B36B97 /* libz.dylib */,
				C5977D2F18DD8B6800B36B97 /* libxml2.dylib */,
				C53AB27218D14BA000BA90E7 /* Foundation.framework */,
				C53AB27418D14BA000BA90E7 /* CoreGraphics.framework */,
				C53AB27618D14BA000BA90E7 /* UIKit.framework */,
				C53AB28B18D14BA200BA90E7 /* XCTest.framework */,
			);
			name = Frameworks;
			sourceTree = "<group>";
		};
		C53AB27818D14BA000BA90E7 /* GuitarBass */ = {
			isa = PBXGroup;
			children = (
				C53AB28118D14BA000BA90E7 /* GBAppDelegate.h */,
				C53AB28218D14BA000BA90E7 /* GBAppDelegate.m */,
				C53AB28418D14BA000BA90E7 /* Images.xcassets */,
				C53AB27918D14BA000BA90E7 /* Supporting Files */,
				C53AB2B118D1870D00BA90E7 /* Model */,
				C5A7724D18DEC861005D507D /* Cache */,
				C531F8B118D54E1B0043D0D5 /* Request */,
				C53AB2A518D158B300BA90E7 /* ViewController */,
				C56FF8E718D45F4D005F8DB1 /* Interface */,
				C53AB2A118D1526B00BA90E7 /* thirdParty */,
				C53AB2AC18D15C8400BA90E7 /* Resources */,
			);
			path = GuitarBass;
			sourceTree = "<group>";
		};
		C53AB27918D14BA000BA90E7 /* Supporting Files */ = {
			isa = PBXGroup;
			children = (
				C53AB27A18D14BA000BA90E7 /* GuitarBass-Info.plist */,
				C53AB27E18D14BA000BA90E7 /* main.m */,
				C53AB28018D14BA000BA90E7 /* GuitarBass-Prefix.pch */,
			);
			name = "Supporting Files";
			sourceTree = "<group>";
		};
		C53AB2A118D1526B00BA90E7 /* thirdParty */ = {
			isa = PBXGroup;
			children = (
				C5EB942C18E722AF0091E90C /* XMLSupport */,
				C5977D8418DD971D00B36B97 /* Reachability */,
				C5977D3918DD967100B36B97 /* ASIHttp */,
				C531F8E818D5AA4D0043D0D5 /* AMScrollingNavbar */,
				C531F8B718D568800043D0D5 /* EGOImageLoading */,
				C531F8C418D568800043D0D5 /* SlideMenu */,
			);
			path = thirdParty;
			sourceTree = "<group>";
		};
		C53AB2A518D158B300BA90E7 /* ViewController */ = {
			isa = PBXGroup;
			children = (
				C531F8E218D580CF0043D0D5 /* GBInfoTableViewCell.h */,
				C531F8E318D580CF0043D0D5 /* GBInfoTableViewCell.m */,
				C53AB2A618D158F000BA90E7 /* GBInfoTableViewController.h */,
				C53AB2A718D158F000BA90E7 /* GBInfoTableViewController.m */,
				C53AB2A918D159B400BA90E7 /* GBSeriesTableViewController.h */,
				C53AB2AA18D159B400BA90E7 /* GBSeriesTableViewController.m */,
				C5D9BD0418E7C461000FE941 /* GBInfoContentViewController.h */,
				C5D9BD0518E7C462000FE941 /* GBInfoContentViewController.m */,
				C50E4C5718D6C23E008EA971 /* GBWebViewController.h */,
				C50E4C5818D6C23E008EA971 /* GBWebViewController.m */,
				C5118A0A18E092CE00A38D35 /* GBInfoDetailView.h */,
				C5118A0B18E092CE00A38D35 /* GBInfoDetailView.m */,
			);
			path = ViewController;
			sourceTree = "<group>";
		};
		C53AB2AC18D15C8400BA90E7 /* Resources */ = {
			isa = PBXGroup;
			children = (
				C53AB2AD18D15C8400BA90E7 /* nav_menu_icon@2x.png */,
			);
			path = Resources;
			sourceTree = "<group>";
		};
		C53AB2B118D1870D00BA90E7 /* Model */ = {
			isa = PBXGroup;
			children = (
				C53AB2B218D189F800BA90E7 /* GBSeriesModel.h */,
				C53AB2B318D189F800BA90E7 /* GBSeriesModel.m */,
				C53AB2B518D18A3200BA90E7 /* GBInfoModel.h */,
				C53AB2B618D18A3200BA90E7 /* GBInfoModel.m */,
				C5AA214318D2A0E0004F5AA4 /* GBSeriesList.h */,
				C5AA214418D2A0E0004F5AA4 /* GBSeriesList.m */,
				C5AA214618D2A0F5004F5AA4 /* GBInfoList.h */,
				C5AA214718D2A0F5004F5AA4 /* GBInfoList.m */,
			);
			path = Model;
			sourceTree = "<group>";
		};
		C56FF8E718D45F4D005F8DB1 /* Interface */ = {
			isa = PBXGroup;
			children = (
				C56FF8E818D45F5E005F8DB1 /* GBSeriesTableViewControllerDelegate.h */,
				C531F8B018D549AC0043D0D5 /* GBSeriesListRequestDelegate.h */,
				C531F8B618D552CD0043D0D5 /* GBInfoListRequestDelegate.h */,
			);
			path = Interface;
			sourceTree = "<group>";
		};
		C5977D3918DD967100B36B97 /* ASIHttp */ = {
			isa = PBXGroup;
			children = (
				C5977D3A18DD967100B36B97 /* ASIAuthenticationDialog.h */,
				C5977D3B18DD967100B36B97 /* ASIAuthenticationDialog.m */,
				C5977D3C18DD967100B36B97 /* ASICacheDelegate.h */,
				C5977D3D18DD967100B36B97 /* ASIDataCompressor.h */,
				C5977D3E18DD967100B36B97 /* ASIDataCompressor.m */,
				C5977D3F18DD967100B36B97 /* ASIDataDecompressor.h */,
				C5977D4018DD967100B36B97 /* ASIDataDecompressor.m */,
				C5977D4118DD967100B36B97 /* ASIDownloadCache.h */,
				C5977D4218DD967100B36B97 /* ASIDownloadCache.m */,
				C5977D4318DD967100B36B97 /* ASIFormDataRequest.h */,
				C5977D4418DD967100B36B97 /* ASIFormDataRequest.m */,
				C5977D4518DD967100B36B97 /* ASIHTTPRequest.h */,
				C5977D4618DD967100B36B97 /* ASIHTTPRequest.m */,
				C5977D4718DD967100B36B97 /* ASIHTTPRequestConfig.h */,
				C5977D4818DD967100B36B97 /* ASIHTTPRequestDelegate.h */,
				C5977D4918DD967100B36B97 /* ASIInputStream.h */,
				C5977D4A18DD967100B36B97 /* ASIInputStream.m */,
				C5977D4B18DD967100B36B97 /* ASINetworkQueue.h */,
				C5977D4C18DD967100B36B97 /* ASINetworkQueue.m */,
				C5977D4D18DD967100B36B97 /* ASIProgressDelegate.h */,
				C5977D4E18DD967100B36B97 /* ASIWebPageRequest */,
			);
			path = ASIHttp;
			sourceTree = "<group>";
		};
		C5977D4E18DD967100B36B97 /* ASIWebPageRequest */ = {
			isa = PBXGroup;
			children = (
				C5977D4F18DD967100B36B97 /* ASIWebPageRequest.h */,
				C5977D5018DD967100B36B97 /* ASIWebPageRequest.m */,
			);
			path = ASIWebPageRequest;
			sourceTree = "<group>";
		};
		C5977D8418DD971D00B36B97 /* Reachability */ = {
			isa = PBXGroup;
			children = (
				C5977D8518DD971D00B36B97 /* Reachability.h */,
				C5977D8618DD971D00B36B97 /* Reachability.m */,
			);
			path = Reachability;
			sourceTree = "<group>";
		};
		C5A7724D18DEC861005D507D /* Cache */ = {
			isa = PBXGroup;
			children = (
				C5A7724E18DEC872005D507D /* GBCacheManager.h */,
				C5A7724F18DEC872005D507D /* GBCacheManager.m */,
			);
			path = Cache;
			sourceTree = "<group>";
		};
		C5EB942C18E722AF0091E90C /* XMLSupport */ = {
			isa = PBXGroup;
			children = (
				C5EB942D18E722AF0091E90C /* GDataXMLNode.h */,
				C5EB942E18E722AF0091E90C /* GDataXMLNode.m */,
			);
			path = XMLSupport;
			sourceTree = "<group>";
		};
/* End PBXGroup section */

/* Begin PBXNativeTarget section */
		C53AB26E18D14BA000BA90E7 /* GuitarBass */ = {
			isa = PBXNativeTarget;
			buildConfigurationList = C53AB29B18D14BA300BA90E7 /* Build configuration list for PBXNativeTarget "GuitarBass" */;
			buildPhases = (
				C53AB26B18D14BA000BA90E7 /* Sources */,
				C53AB26C18D14BA000BA90E7 /* Frameworks */,
				C53AB26D18D14BA000BA90E7 /* Resources */,
			);
			buildRules = (
			);
			dependencies = (
			);
			name = GuitarBass;
			productName = GuitarBass;
			productReference = C53AB26F18D14BA000BA90E7 /* GuitarBass.app */;
			productType = "com.apple.product-type.application";
		};
/* End PBXNativeTarget section */

/* Begin PBXProject section */
		C53AB26718D14BA000BA90E7 /* Project object */ = {
			isa = PBXProject;
			attributes = {
				CLASSPREFIX = GB;
				LastUpgradeCheck = 0510;
				ORGANIZATIONNAME = tinmanarts;
				TargetAttributes = {
					C53AB26E18D14BA000BA90E7 = {
						DevelopmentTeam = B5ZAZPQCFC;
					};
				};
			};
			buildConfigurationList = C53AB26A18D14BA000BA90E7 /* Build configuration list for PBXProject "GuitarBass" */;
			compatibilityVersion = "Xcode 3.2";
			developmentRegion = English;
			hasScannedForEncodings = 0;
			knownRegions = (
				en,
			);
			mainGroup = C53AB26618D14BA000BA90E7;
			productRefGroup = C53AB27018D14BA000BA90E7 /* Products */;
			projectDirPath = "";
			projectRoot = "";
			targets = (
				C53AB26E18D14BA000BA90E7 /* GuitarBass */,
			);
		};
/* End PBXProject section */

/* Begin PBXResourcesBuildPhase section */
		C53AB26D18D14BA000BA90E7 /* Resources */ = {
			isa = PBXResourcesBuildPhase;
			buildActionMask = 2147483647;
			files = (
				C53AB2AE18D15C8400BA90E7 /* nav_menu_icon@2x.png in Resources */,
				C53AB28518D14BA000BA90E7 /* Images.xcassets in Resources */,
			);
			runOnlyForDeploymentPostprocessing = 0;
		};
/* End PBXResourcesBuildPhase section */

/* Begin PBXSourcesBuildPhase section */
		C53AB26B18D14BA000BA90E7 /* Sources */ = {
			isa = PBXSourcesBuildPhase;
			buildActionMask = 2147483647;
			files = (
				C531F8CB18D568800043D0D5 /* DDMenuController.m in Sources */,
				C5AA214818D2A0F5004F5AA4 /* GBInfoList.m in Sources */,
				C5977D7518DD967100B36B97 /* ASINetworkQueue.m in Sources */,
				C531F8B418D54E580043D0D5 /* GBGetSeriesListRequest.m in Sources */,
				C531F8E118D56A290043D0D5 /* EGOImageView.m in Sources */,
				C50E4C5A18D6C23E008EA971 /* GBWebViewController.m in Sources */,
				C5AA214518D2A0E0004F5AA4 /* GBSeriesList.m in Sources */,
				C531F8DF18D56A290043D0D5 /* EGOImageLoadConnection.m in Sources */,
				C53AB2B418D189F800BA90E7 /* GBSeriesModel.m in Sources */,
				C5EB942518E6BC540091E90C /* GBGetInfoListRequest.m in Sources */,
				C53AB27F18D14BA000BA90E7 /* main.m in Sources */,
				C5977D6F18DD967100B36B97 /* ASIDataCompressor.m in Sources */,
				C531F8E418D580CF0043D0D5 /* GBInfoTableViewCell.m in Sources */,
				C53AB2AB18D159B400BA90E7 /* GBSeriesTableViewController.m in Sources */,
				C531F8E018D56A290043D0D5 /* EGOImageLoader.m in Sources */,
				C5977D7418DD967100B36B97 /* ASIInputStream.m in Sources */,
				C5118A0C18E092CE00A38D35 /* GBInfoDetailView.m in Sources */,
				C53AB2B718D18A3200BA90E7 /* GBInfoModel.m in Sources */,
				C531F8DD18D56A290043D0D5 /* EGOCache.m in Sources */,
				C531F8DE18D56A290043D0D5 /* EGOImageButton.m in Sources */,
				C5D9BD0618E7C462000FE941 /* GBInfoContentViewController.m in Sources */,
				C5977D7318DD967100B36B97 /* ASIHTTPRequest.m in Sources */,
				C5EB942F18E722AF0091E90C /* GDataXMLNode.m in Sources */,
				C5977D7118DD967100B36B97 /* ASIDownloadCache.m in Sources */,
				C53AB2A818D158F000BA90E7 /* GBInfoTableViewController.m in Sources */,
				C5EB942818E6C3550091E90C /* GBRequest.m in Sources */,
				C5977D7218DD967100B36B97 /* ASIFormDataRequest.m in Sources */,
				C5977D7618DD967100B36B97 /* ASIWebPageRequest.m in Sources */,
				C5977D8718DD971D00B36B97 /* Reachability.m in Sources */,
				C5A7725018DEC872005D507D /* GBCacheManager.m in Sources */,
				C5977D6E18DD967100B36B97 /* ASIAuthenticationDialog.m in Sources */,
				C5977D7018DD967100B36B97 /* ASIDataDecompressor.m in Sources */,
				C531F8EB18D5AA4D0043D0D5 /* AMScrollingNavbarViewController.m in Sources */,
				C53AB28318D14BA000BA90E7 /* GBAppDelegate.m in Sources */,
			);
			runOnlyForDeploymentPostprocessing = 0;
		};
/* End PBXSourcesBuildPhase section */

/* Begin XCBuildConfiguration section */
		C53AB29918D14BA300BA90E7 /* Debug */ = {
			isa = XCBuildConfiguration;
			buildSettings = {
				ALWAYS_SEARCH_USER_PATHS = NO;
				CLANG_CXX_LANGUAGE_STANDARD = "gnu++0x";
				CLANG_CXX_LIBRARY = "libc++";
				CLANG_ENABLE_MODULES = YES;
				CLANG_ENABLE_OBJC_ARC = YES;
				CLANG_WARN_BOOL_CONVERSION = YES;
				CLANG_WARN_CONSTANT_CONVERSION = YES;
				CLANG_WARN_DIRECT_OBJC_ISA_USAGE = YES_ERROR;
				CLANG_WARN_EMPTY_BODY = YES;
				CLANG_WARN_ENUM_CONVERSION = YES;
				CLANG_WARN_INT_CONVERSION = YES;
				CLANG_WARN_OBJC_ROOT_CLASS = YES_ERROR;
				CLANG_WARN__DUPLICATE_METHOD_MATCH = YES;
				"CODE_SIGN_IDENTITY[sdk=iphoneos*]" = "iPhone Developer";
				COPY_PHASE_STRIP = NO;
				GCC_C_LANGUAGE_STANDARD = gnu99;
				GCC_DYNAMIC_NO_PIC = NO;
				GCC_OPTIMIZATION_LEVEL = 0;
				GCC_PREPROCESSOR_DEFINITIONS = (
					"DEBUG=1",
					"$(inherited)",
				);
				GCC_SYMBOLS_PRIVATE_EXTERN = NO;
				GCC_WARN_64_TO_32_BIT_CONVERSION = YES;
				GCC_WARN_ABOUT_RETURN_TYPE = YES_ERROR;
				GCC_WARN_UNDECLARED_SELECTOR = YES;
				GCC_WARN_UNINITIALIZED_AUTOS = YES_AGGRESSIVE;
				GCC_WARN_UNUSED_FUNCTION = YES;
				GCC_WARN_UNUSED_VARIABLE = YES;
				IPHONEOS_DEPLOYMENT_TARGET = 5.0;
				ONLY_ACTIVE_ARCH = YES;
				SDKROOT = iphoneos;
			};
			name = Debug;
		};
		C53AB29A18D14BA300BA90E7 /* Release */ = {
			isa = XCBuildConfiguration;
			buildSettings = {
				ALWAYS_SEARCH_USER_PATHS = NO;
				CLANG_CXX_LANGUAGE_STANDARD = "gnu++0x";
				CLANG_CXX_LIBRARY = "libc++";
				CLANG_ENABLE_MODULES = YES;
				CLANG_ENABLE_OBJC_ARC = YES;
				CLANG_WARN_BOOL_CONVERSION = YES;
				CLANG_WARN_CONSTANT_CONVERSION = YES;
				CLANG_WARN_DIRECT_OBJC_ISA_USAGE = YES_ERROR;
				CLANG_WARN_EMPTY_BODY = YES;
				CLANG_WARN_ENUM_CONVERSION = YES;
				CLANG_WARN_INT_CONVERSION = YES;
				CLANG_WARN_OBJC_ROOT_CLASS = YES_ERROR;
				CLANG_WARN__DUPLICATE_METHOD_MATCH = YES;
				"CODE_SIGN_IDENTITY[sdk=iphoneos*]" = "iPhone Developer";
				COPY_PHASE_STRIP = YES;
				ENABLE_NS_ASSERTIONS = NO;
				GCC_C_LANGUAGE_STANDARD = gnu99;
				GCC_WARN_64_TO_32_BIT_CONVERSION = YES;
				GCC_WARN_ABOUT_RETURN_TYPE = YES_ERROR;
				GCC_WARN_UNDECLARED_SELECTOR = YES;
				GCC_WARN_UNINITIALIZED_AUTOS = YES_AGGRESSIVE;
				GCC_WARN_UNUSED_FUNCTION = YES;
				GCC_WARN_UNUSED_VARIABLE = YES;
				IPHONEOS_DEPLOYMENT_TARGET = 5.0;
				SDKROOT = iphoneos;
				VALIDATE_PRODUCT = YES;
			};
			name = Release;
		};
		C53AB29C18D14BA300BA90E7 /* Debug */ = {
			isa = XCBuildConfiguration;
			buildSettings = {
				ASSETCATALOG_COMPILER_APPICON_NAME = AppIcon;
				ASSETCATALOG_COMPILER_LAUNCHIMAGE_NAME = LaunchImage;
				CODE_SIGN_IDENTITY = "iPhone Developer";
				GCC_PRECOMPILE_PREFIX_HEADER = YES;
				GCC_PREFIX_HEADER = "GuitarBass/GuitarBass-Prefix.pch";
				HEADER_SEARCH_PATHS = (
					"$(inherited)",
					/Applications/Xcode.app/Contents/Developer/Toolchains/XcodeDefault.xctoolchain/usr/include,
					"${SDK_DIR}/usr/include/libxml2",
				);
				INFOPLIST_FILE = "GuitarBass/GuitarBass-Info.plist";
				PRODUCT_NAME = "$(TARGET_NAME)";
				WRAPPER_EXTENSION = app;
			};
			name = Debug;
		};
		C53AB29D18D14BA300BA90E7 /* Release */ = {
			isa = XCBuildConfiguration;
			buildSettings = {
				ASSETCATALOG_COMPILER_APPICON_NAME = AppIcon;
				ASSETCATALOG_COMPILER_LAUNCHIMAGE_NAME = LaunchImage;
				CODE_SIGN_IDENTITY = "iPhone Developer";
				GCC_PRECOMPILE_PREFIX_HEADER = YES;
				GCC_PREFIX_HEADER = "GuitarBass/GuitarBass-Prefix.pch";
				HEADER_SEARCH_PATHS = (
					"$(inherited)",
					/Applications/Xcode.app/Contents/Developer/Toolchains/XcodeDefault.xctoolchain/usr/include,
					"${SDK_DIR}/usr/include/libxml2",
				);
				INFOPLIST_FILE = "GuitarBass/GuitarBass-Info.plist";
				PRODUCT_NAME = "$(TARGET_NAME)";
				WRAPPER_EXTENSION = app;
			};
			name = Release;
		};
/* End XCBuildConfiguration section */

/* Begin XCConfigurationList section */
		C53AB26A18D14BA000BA90E7 /* Build configuration list for PBXProject "GuitarBass" */ = {
			isa = XCConfigurationList;
			buildConfigurations = (
				C53AB29918D14BA300BA90E7 /* Debug */,
				C53AB29A18D14BA300BA90E7 /* Release */,
			);
			defaultConfigurationIsVisible = 0;
			defaultConfigurationName = Release;
		};
		C53AB29B18D14BA300BA90E7 /* Build configuration list for PBXNativeTarget "GuitarBass" */ = {
			isa = XCConfigurationList;
			buildConfigurations = (
				C53AB29C18D14BA300BA90E7 /* Debug */,
				C53AB29D18D14BA300BA90E7 /* Release */,
			);
			defaultConfigurationIsVisible = 0;
			defaultConfigurationName = Release;
		};
/* End XCConfigurationList section */
	};
	rootObject = C53AB26718D14BA000BA90E7 /* Project object */;
}
